
Microsoft Visual Studio Solution File, Format Version 12.00
# Visual Studio Version 17
VisualStudioVersion = 17.2.32630.192
MinimumVisualStudioVersion = 10.0.40219.1
Project("{9A19103F-16F7-4668-BE54-9A1E7A4F7556}") = "BotServer.Domain", "BotServer.Domain\BotServer.Domain.csproj", "{206B10B1-C2F6-46DC-91A8-71ED48280885}"
EndProject
Project("{9A19103F-16F7-4668-BE54-9A1E7A4F7556}") = "BotServer.Application", "BotServer.Application\BotServer.Application.csproj", "{0D94B4DD-710B-4A70-8F0F-F3D461E9D994}"
EndProject
Project("{2150E333-8FDC-42A3-9474-1A3956D46DE8}") = "Core", "Core", "{9593A908-FC94-49A8-9C14-2BE1730E2E66}"
EndProject
Project("{2150E333-8FDC-42A3-9474-1A3956D46DE8}") = "Presentation", "Presentation", "{4752BB7F-E4AF-4556-8E59-3B2CEDE00962}"
EndProject
Project("{9A19103F-16F7-4668-BE54-9A1E7A4F7556}") = "BotServer", "BotServer\BotServer.csproj", "{4947A900-89C1-41F8-BEB8-A4A439D69F14}"
EndProject
Project("{2150E333-8FDC-42A3-9474-1A3956D46DE8}") = "Infrastructure", "Infrastructure", "{E8D73C84-8BCD-4CC5-A641-DD1A5AD584CD}"
EndProject
Project("{9A19103F-16F7-4668-BE54-9A1E7A4F7556}") = "BotServer.Features", "BotServer.Features\BotServer.Features.csproj", "{22E68DCF-1C52-4437-8236-25AF56FBC515}"
EndProject
Project("{9A19103F-16F7-4668-BE54-9A1E7A4F7556}") = "BotServer.Data", "BotServer.Data\BotServer.Data.csproj", "{8A963807-AD89-4E05-AAE6-436B5DF197D7}"
EndProject
Project("{9A19103F-16F7-4668-BE54-9A1E7A4F7556}") = "BotServer.Services", "BotServer.Services\BotServer.Services.csproj", "{BE151187-58E7-4495-9881-F9B75D65ADA1}"
EndProject
Project("{9A19103F-16F7-4668-BE54-9A1E7A4F7556}") = "BotServer.SignalRforChats", "BotServer.SignalR\BotServer.SignalRforChats.csproj", "{24D5FCD4-A92D-4320-8DDE-222B240AB7C5}"
EndProject
Project("{2150E333-8FDC-42A3-9474-1A3956D46DE8}") = "Tests", "Tests", "{BD1ACFF0-0DD4-4F02-B1C6-D92909CBC959}"
EndProject
Project("{2150E333-8FDC-42A3-9474-1A3956D46DE8}") = "Infrastructure", "Infrastructure", "{8E9404C8-0218-4C8E-B7A5-04F071276EED}"
EndProject
Project("{9A19103F-16F7-4668-BE54-9A1E7A4F7556}") = "BotServer.Features.Tests", "BotServer.Features.Tests\BotServer.Features.Tests.csproj", "{FFD20B6F-C91A-4B8F-A39C-3FA2BE66BB5E}"
EndProject
Project("{9A19103F-16F7-4668-BE54-9A1E7A4F7556}") = "BotServer.Services.Tests", "BotServer.Services.Tests\BotServer.Services.Tests.csproj", "{6E052549-BB0B-4377-B0EF-3FD6FF682123}"
EndProject
Project("{9A19103F-16F7-4668-BE54-9A1E7A4F7556}") = "Botserve.MigrationApp", "Botserve.MigrationApp\Botserve.MigrationApp.csproj", "{70B6809C-6DFD-4DC5-9B61-120BB9DBDCFD}"
EndProject
Project("{9A19103F-16F7-4668-BE54-9A1E7A4F7556}") = "BotServer.SignalR_info", "BotServer.SignalR_info\BotServer.SignalR_info.csproj", "{BA28AB5C-0D77-40A0-880E-5C1C10641BB1}"
EndProject
Project("{9A19103F-16F7-4668-BE54-9A1E7A4F7556}") = "BotServer.Comunications", "BotServer.Comunications\BotServer.Comunications.csproj", "{D2320FB5-84AE-4670-B565-8B850AC6C15C}"
EndProject
Project("{E53339B2-1760-4266-BCC7-CA923CBCF16C}") = "docker-compose", "docker-compose.dcproj", "{8BE6A243-E58F-401D-8742-A7273F4A758F}"
EndProject
Project("{2150E333-8FDC-42A3-9474-1A3956D46DE8}") = "BotServerApp", "BotServerApp", "{4B4C9445-C93E-48EE-BAD8-837E395CA922}"
EndProject
Project("{2150E333-8FDC-42A3-9474-1A3956D46DE8}") = "VkApp", "VkApp", "{ACB316D7-3A6F-4246-B613-1F77AF2C6727}"
EndProject
Project("{9A19103F-16F7-4668-BE54-9A1E7A4F7556}") = "VkServiceApplication", "VkServiceApplication\VkServiceApplication.csproj", "{EC79CA89-0E31-4AAF-97FC-241467289D9B}"
EndProject
Project("{2150E333-8FDC-42A3-9474-1A3956D46DE8}") = "Presentation", "Presentation", "{DCAF3AC8-6130-4552-ACA1-77AFB5A5543F}"
EndProject
Global
	GlobalSection(SolutionConfigurationPlatforms) = preSolution
		Debug|Any CPU = Debug|Any CPU
		Release|Any CPU = Release|Any CPU
	EndGlobalSection
	GlobalSection(ProjectConfigurationPlatforms) = postSolution
		{206B10B1-C2F6-46DC-91A8-71ED48280885}.Debug|Any CPU.ActiveCfg = Debug|Any CPU
		{206B10B1-C2F6-46DC-91A8-71ED48280885}.Debug|Any CPU.Build.0 = Debug|Any CPU
		{206B10B1-C2F6-46DC-91A8-71ED48280885}.Release|Any CPU.ActiveCfg = Release|Any CPU
		{206B10B1-C2F6-46DC-91A8-71ED48280885}.Release|Any CPU.Build.0 = Release|Any CPU
		{0D94B4DD-710B-4A70-8F0F-F3D461E9D994}.Debug|Any CPU.ActiveCfg = Debug|Any CPU
		{0D94B4DD-710B-4A70-8F0F-F3D461E9D994}.Debug|Any CPU.Build.0 = Debug|Any CPU
		{0D94B4DD-710B-4A70-8F0F-F3D461E9D994}.Release|Any CPU.ActiveCfg = Release|Any CPU
		{0D94B4DD-710B-4A70-8F0F-F3D461E9D994}.Release|Any CPU.Build.0 = Release|Any CPU
		{4947A900-89C1-41F8-BEB8-A4A439D69F14}.Debug|Any CPU.ActiveCfg = Debug|Any CPU
		{4947A900-89C1-41F8-BEB8-A4A439D69F14}.Debug|Any CPU.Build.0 = Debug|Any CPU
		{4947A900-89C1-41F8-BEB8-A4A439D69F14}.Release|Any CPU.ActiveCfg = Release|Any CPU
		{4947A900-89C1-41F8-BEB8-A4A439D69F14}.Release|Any CPU.Build.0 = Release|Any CPU
		{22E68DCF-1C52-4437-8236-25AF56FBC515}.Debug|Any CPU.ActiveCfg = Debug|Any CPU
		{22E68DCF-1C52-4437-8236-25AF56FBC515}.Debug|Any CPU.Build.0 = Debug|Any CPU
		{22E68DCF-1C52-4437-8236-25AF56FBC515}.Release|Any CPU.ActiveCfg = Release|Any CPU
		{22E68DCF-1C52-4437-8236-25AF56FBC515}.Release|Any CPU.Build.0 = Release|Any CPU
		{8A963807-AD89-4E05-AAE6-436B5DF197D7}.Debug|Any CPU.ActiveCfg = Debug|Any CPU
		{8A963807-AD89-4E05-AAE6-436B5DF197D7}.Debug|Any CPU.Build.0 = Debug|Any CPU
		{8A963807-AD89-4E05-AAE6-436B5DF197D7}.Release|Any CPU.ActiveCfg = Release|Any CPU
		{8A963807-AD89-4E05-AAE6-436B5DF197D7}.Release|Any CPU.Build.0 = Release|Any CPU
		{BE151187-58E7-4495-9881-F9B75D65ADA1}.Debug|Any CPU.ActiveCfg = Debug|Any CPU
		{BE151187-58E7-4495-9881-F9B75D65ADA1}.Debug|Any CPU.Build.0 = Debug|Any CPU
		{BE151187-58E7-4495-9881-F9B75D65ADA1}.Release|Any CPU.ActiveCfg = Release|Any CPU
		{BE151187-58E7-4495-9881-F9B75D65ADA1}.Release|Any CPU.Build.0 = Release|Any CPU
		{24D5FCD4-A92D-4320-8DDE-222B240AB7C5}.Debug|Any CPU.ActiveCfg = Debug|Any CPU
		{24D5FCD4-A92D-4320-8DDE-222B240AB7C5}.Debug|Any CPU.Build.0 = Debug|Any CPU
		{24D5FCD4-A92D-4320-8DDE-222B240AB7C5}.Release|Any CPU.ActiveCfg = Release|Any CPU
		{24D5FCD4-A92D-4320-8DDE-222B240AB7C5}.Release|Any CPU.Build.0 = Release|Any CPU
		{FFD20B6F-C91A-4B8F-A39C-3FA2BE66BB5E}.Debug|Any CPU.ActiveCfg = Debug|Any CPU
		{FFD20B6F-C91A-4B8F-A39C-3FA2BE66BB5E}.Debug|Any CPU.Build.0 = Debug|Any CPU
		{FFD20B6F-C91A-4B8F-A39C-3FA2BE66BB5E}.Release|Any CPU.ActiveCfg = Release|Any CPU
		{FFD20B6F-C91A-4B8F-A39C-3FA2BE66BB5E}.Release|Any CPU.Build.0 = Release|Any CPU
		{6E052549-BB0B-4377-B0EF-3FD6FF682123}.Debug|Any CPU.ActiveCfg = Debug|Any CPU
		{6E052549-BB0B-4377-B0EF-3FD6FF682123}.Debug|Any CPU.Build.0 = Debug|Any CPU
		{6E052549-BB0B-4377-B0EF-3FD6FF682123}.Release|Any CPU.ActiveCfg = Release|Any CPU
		{6E052549-BB0B-4377-B0EF-3FD6FF682123}.Release|Any CPU.Build.0 = Release|Any CPU
		{70B6809C-6DFD-4DC5-9B61-120BB9DBDCFD}.Debug|Any CPU.ActiveCfg = Debug|Any CPU
		{70B6809C-6DFD-4DC5-9B61-120BB9DBDCFD}.Debug|Any CPU.Build.0 = Debug|Any CPU
		{70B6809C-6DFD-4DC5-9B61-120BB9DBDCFD}.Release|Any CPU.ActiveCfg = Release|Any CPU
		{70B6809C-6DFD-4DC5-9B61-120BB9DBDCFD}.Release|Any CPU.Build.0 = Release|Any CPU
		{BA28AB5C-0D77-40A0-880E-5C1C10641BB1}.Debug|Any CPU.ActiveCfg = Debug|Any CPU
		{BA28AB5C-0D77-40A0-880E-5C1C10641BB1}.Debug|Any CPU.Build.0 = Debug|Any CPU
		{BA28AB5C-0D77-40A0-880E-5C1C10641BB1}.Release|Any CPU.ActiveCfg = Release|Any CPU
		{BA28AB5C-0D77-40A0-880E-5C1C10641BB1}.Release|Any CPU.Build.0 = Release|Any CPU
		{D2320FB5-84AE-4670-B565-8B850AC6C15C}.Debug|Any CPU.ActiveCfg = Debug|Any CPU
		{D2320FB5-84AE-4670-B565-8B850AC6C15C}.Debug|Any CPU.Build.0 = Debug|Any CPU
		{D2320FB5-84AE-4670-B565-8B850AC6C15C}.Release|Any CPU.ActiveCfg = Release|Any CPU
		{D2320FB5-84AE-4670-B565-8B850AC6C15C}.Release|Any CPU.Build.0 = Release|Any CPU
		{8BE6A243-E58F-401D-8742-A7273F4A758F}.Debug|Any CPU.ActiveCfg = Debug|Any CPU
		{8BE6A243-E58F-401D-8742-A7273F4A758F}.Debug|Any CPU.Build.0 = Debug|Any CPU
		{8BE6A243-E58F-401D-8742-A7273F4A758F}.Release|Any CPU.ActiveCfg = Release|Any CPU
		{8BE6A243-E58F-401D-8742-A7273F4A758F}.Release|Any CPU.Build.0 = Release|Any CPU
		{EC79CA89-0E31-4AAF-97FC-241467289D9B}.Debug|Any CPU.ActiveCfg = Debug|Any CPU
		{EC79CA89-0E31-4AAF-97FC-241467289D9B}.Debug|Any CPU.Build.0 = Debug|Any CPU
		{EC79CA89-0E31-4AAF-97FC-241467289D9B}.Release|Any CPU.ActiveCfg = Release|Any CPU
		{EC79CA89-0E31-4AAF-97FC-241467289D9B}.Release|Any CPU.Build.0 = Release|Any CPU
	EndGlobalSection
	GlobalSection(SolutionProperties) = preSolution
		HideSolutionNode = FALSE
	EndGlobalSection
	GlobalSection(NestedProjects) = preSolution
		{206B10B1-C2F6-46DC-91A8-71ED48280885} = {9593A908-FC94-49A8-9C14-2BE1730E2E66}
		{0D94B4DD-710B-4A70-8F0F-F3D461E9D994} = {9593A908-FC94-49A8-9C14-2BE1730E2E66}
		{9593A908-FC94-49A8-9C14-2BE1730E2E66} = {4B4C9445-C93E-48EE-BAD8-837E395CA922}
		{4752BB7F-E4AF-4556-8E59-3B2CEDE00962} = {4B4C9445-C93E-48EE-BAD8-837E395CA922}
		{4947A900-89C1-41F8-BEB8-A4A439D69F14} = {4752BB7F-E4AF-4556-8E59-3B2CEDE00962}
		{E8D73C84-8BCD-4CC5-A641-DD1A5AD584CD} = {4B4C9445-C93E-48EE-BAD8-837E395CA922}
		{22E68DCF-1C52-4437-8236-25AF56FBC515} = {E8D73C84-8BCD-4CC5-A641-DD1A5AD584CD}
		{8A963807-AD89-4E05-AAE6-436B5DF197D7} = {E8D73C84-8BCD-4CC5-A641-DD1A5AD584CD}
		{BE151187-58E7-4495-9881-F9B75D65ADA1} = {E8D73C84-8BCD-4CC5-A641-DD1A5AD584CD}
		{24D5FCD4-A92D-4320-8DDE-222B240AB7C5} = {E8D73C84-8BCD-4CC5-A641-DD1A5AD584CD}
		{BD1ACFF0-0DD4-4F02-B1C6-D92909CBC959} = {4B4C9445-C93E-48EE-BAD8-837E395CA922}
		{8E9404C8-0218-4C8E-B7A5-04F071276EED} = {BD1ACFF0-0DD4-4F02-B1C6-D92909CBC959}
		{FFD20B6F-C91A-4B8F-A39C-3FA2BE66BB5E} = {8E9404C8-0218-4C8E-B7A5-04F071276EED}
		{6E052549-BB0B-4377-B0EF-3FD6FF682123} = {8E9404C8-0218-4C8E-B7A5-04F071276EED}
		{70B6809C-6DFD-4DC5-9B61-120BB9DBDCFD} = {E8D73C84-8BCD-4CC5-A641-DD1A5AD584CD}
		{BA28AB5C-0D77-40A0-880E-5C1C10641BB1} = {E8D73C84-8BCD-4CC5-A641-DD1A5AD584CD}
		{D2320FB5-84AE-4670-B565-8B850AC6C15C} = {E8D73C84-8BCD-4CC5-A641-DD1A5AD584CD}
		{EC79CA89-0E31-4AAF-97FC-241467289D9B} = {DCAF3AC8-6130-4552-ACA1-77AFB5A5543F}
		{DCAF3AC8-6130-4552-ACA1-77AFB5A5543F} = {ACB316D7-3A6F-4246-B613-1F77AF2C6727}
	EndGlobalSection
	GlobalSection(ExtensibilityGlobals) = postSolution
		SolutionGuid = {6E22A032-E7C5-4FA5-92DF-5FD8D7F60BAF}
	EndGlobalSection
EndGlobal
